
Microsoft Visual Studio Solution File, Format Version 12.00
# Visual Studio Version 17
VisualStudioVersion = 17.11.35327.3
MinimumVisualStudioVersion = 10.0.40219.1
Project("{FAE04EC0-301F-11D3-BF4B-00C04F79EFBC}") = "Flight", "Flight.csproj", "{CE6070CE-99FA-402F-A090-B63313624BC2}"
EndProject
Project("{FAE04EC0-301F-11D3-BF4B-00C04F79EFBC}") = "Domain.Tests", "..\Domain.Tests\Domain.Tests.csproj", "{4D567BF0-3F41-4B88-9BB9-4D5DFDEBCF81}"
EndProject
Project("{FAE04EC0-301F-11D3-BF4B-00C04F79EFBC}") = "Domain", "..\Domain\Domain.csproj", "{82B40A3E-3B90-40F6-A18A-F8F76A21DC18}"
EndProject
Global
	GlobalSection(SolutionConfigurationPlatforms) = preSolution
		Debug|Any CPU = Debug|Any CPU
		Release|Any CPU = Release|Any CPU
	EndGlobalSection
	GlobalSection(ProjectConfigurationPlatforms) = postSolution
		{CE6070CE-99FA-402F-A090-B63313624BC2}.Debug|Any CPU.ActiveCfg = Debug|Any CPU
		{CE6070CE-99FA-402F-A090-B63313624BC2}.Debug|Any CPU.Build.0 = Debug|Any CPU
		{CE6070CE-99FA-402F-A090-B63313624BC2}.Release|Any CPU.ActiveCfg = Release|Any CPU
		{CE6070CE-99FA-402F-A090-B63313624BC2}.Release|Any CPU.Build.0 = Release|Any CPU
		{4D567BF0-3F41-4B88-9BB9-4D5DFDEBCF81}.Debug|Any CPU.ActiveCfg = Debug|Any CPU
		{4D567BF0-3F41-4B88-9BB9-4D5DFDEBCF81}.Debug|Any CPU.Build.0 = Debug|Any CPU
		{4D567BF0-3F41-4B88-9BB9-4D5DFDEBCF81}.Release|Any CPU.ActiveCfg = Release|Any CPU
		{4D567BF0-3F41-4B88-9BB9-4D5DFDEBCF81}.Release|Any CPU.Build.0 = Release|Any CPU
		{82B40A3E-3B90-40F6-A18A-F8F76A21DC18}.Debug|Any CPU.ActiveCfg = Debug|Any CPU
		{82B40A3E-3B90-40F6-A18A-F8F76A21DC18}.Debug|Any CPU.Build.0 = Debug|Any CPU
		{82B40A3E-3B90-40F6-A18A-F8F76A21DC18}.Release|Any CPU.ActiveCfg = Release|Any CPU
		{82B40A3E-3B90-40F6-A18A-F8F76A21DC18}.Release|Any CPU.Build.0 = Release|Any CPU
	EndGlobalSection
	GlobalSection(SolutionProperties) = preSolution
		HideSolutionNode = FALSE
	EndGlobalSection
	GlobalSection(ExtensibilityGlobals) = postSolution
		SolutionGuid = {17B0CDBB-695F-407B-8F83-00287E3D4AD1}
	EndGlobalSection
EndGlobal
